
Microsoft Visual Studio Solution File, Format Version 12.00
# Visual Studio Version 16
VisualStudioVersion = 16.0.29509.3
MinimumVisualStudioVersion = 10.0.40219.1
Project("{FAE04EC0-301F-11D3-BF4B-00C04F79EFBC}") = "ASP web", "ASP web\ASP web.csproj", "{0DF47A29-D131-41A3-A8BE-82025239AB24}"
EndProject
Global
	GlobalSection(SolutionConfigurationPlatforms) = preSolution
		Debug|Any CPU = Debug|Any CPU
		Release|Any CPU = Release|Any CPU
	EndGlobalSection
	GlobalSection(ProjectConfigurationPlatforms) = postSolution
		{0DF47A29-D131-41A3-A8BE-82025239AB24}.Debug|Any CPU.ActiveCfg = Debug|Any CPU
		{0DF47A29-D131-41A3-A8BE-82025239AB24}.Debug|Any CPU.Build.0 = Debug|Any CPU
		{0DF47A29-D131-41A3-A8BE-82025239AB24}.Release|Any CPU.ActiveCfg = Release|Any CPU
		{0DF47A29-D131-41A3-A8BE-82025239AB24}.Release|Any CPU.Build.0 = Release|Any CPU
	EndGlobalSection
	GlobalSection(SolutionProperties) = preSolution
		HideSolutionNode = FALSE
	EndGlobalSection
	GlobalSection(ExtensibilityGlobals) = postSolution
		SolutionGuid = {9A4F2621-B952-48AF-A9C8-55C43CB7A15B}
	EndGlobalSection
EndGlobal
